PODS:
  - JCore (1.1.7)
  - JPush (3.0.8):
    - JCore (~> 1.1.7)
  - TestPod (0.1.4):
    - JPush
    - WechatOpenSDK
  - WechatOpenSDK (1.8.1)

DEPENDENCIES:
  - TestPod (from `../`)

EXTERNAL SOURCES:
  TestPod:
    :path: ../

SPEC CHECKSUMS:
  JCore: f7459c81c135281a874a6beafdd321666adcc834
  JPush: 9574d072cc37e93fa293ba69b43ce763c440943a
  TestPod: ecf8ab0edc1d8682db21b1a00583798e86191220
  WechatOpenSDK: 491d965d79335070328571d3e79f714549e79a5e

PODFILE CHECKSUM: 48234e7182ae05502337182a404c026403be8ae5

COCOAPODS: 1.3.1
